
Microsoft Visual Studio Solution File, Format Version 11.00
# Visual Studio 2010
Project("{FAE04EC0-301F-11D3-BF4B-00C04F79EFBC}") = "Graphics_Project", "Assembly-CSharp.csproj", "{6A77C4F3-454B-B087-9399-84CC2AFC5650}"
EndProject
Project("{FAE04EC0-301F-11D3-BF4B-00C04F79EFBC}") = "Graphics_Project", "Assembly-CSharp-Editor.csproj", "{C9635D43-58A2-D91B-F90F-88EF353FAFF8}"
EndProject
Global
	GlobalSection(SolutionConfigurationPlatforms) = preSolution
		Debug|Any CPU = Debug|Any CPU
		Release|Any CPU = Release|Any CPU
	EndGlobalSection
	GlobalSection(ProjectConfigurationPlatforms) = postSolution
		{6A77C4F3-454B-B087-9399-84CC2AFC5650}.Debug|Any CPU.ActiveCfg = Debug|Any CPU
		{6A77C4F3-454B-B087-9399-84CC2AFC5650}.Debug|Any CPU.Build.0 = Debug|Any CPU
		{6A77C4F3-454B-B087-9399-84CC2AFC5650}.Release|Any CPU.ActiveCfg = Release|Any CPU
		{6A77C4F3-454B-B087-9399-84CC2AFC5650}.Release|Any CPU.Build.0 = Release|Any CPU
		{C9635D43-58A2-D91B-F90F-88EF353FAFF8}.Debug|Any CPU.ActiveCfg = Debug|Any CPU
		{C9635D43-58A2-D91B-F90F-88EF353FAFF8}.Debug|Any CPU.Build.0 = Debug|Any CPU
		{C9635D43-58A2-D91B-F90F-88EF353FAFF8}.Release|Any CPU.ActiveCfg = Release|Any CPU
		{C9635D43-58A2-D91B-F90F-88EF353FAFF8}.Release|Any CPU.Build.0 = Release|Any CPU
	EndGlobalSection
	GlobalSection(SolutionProperties) = preSolution
		HideSolutionNode = FALSE
	EndGlobalSection
	GlobalSection(MonoDevelopProperties) = preSolution
		StartupItem = Assembly-CSharp.csproj
	EndGlobalSection
EndGlobal
